<Solution>
  <Project Path="Assembly-CSharp.csproj" />
  <Project Path="PerfectCulling.csproj" />
  <Project Path="Assembly-CSharp-Editor.csproj" />
  <Project Path="Unified.Universal.Blur.Editor.csproj" />
  <Project Path="Unified.Universal.Blur.csproj" />
  <Project Path="Assembly-CSharp-firstpass.csproj" />
  <Project Path="UMotionSourceEditor.csproj" />
  <Project Path="Febucci.HierarchyIcons.csproj" />
  <Project Path="Assembly-CSharp-Editor-firstpass.csproj" />
  <Project Path="UMotionSourceApplication.csproj" />
</Solution>
